
Microsoft Visual Studio Solution File, Format Version 12.00
# Visual Studio 15
VisualStudioVersion = 15.0.28010.2046
MinimumVisualStudioVersion = 10.0.40219.1
Project("{FAE04EC0-301F-11D3-BF4B-00C04F79EFBC}") = "BMI.Android", "BMI\BMI.Android\BMI.Android.csproj", "{49C99239-82AC-41EC-8F30-51DCF783E86D}"
EndProject
Project("{FAE04EC0-301F-11D3-BF4B-00C04F79EFBC}") = "BMI.iOS", "BMI\BMI.iOS\BMI.iOS.csproj", "{A47D7B6C-8607-47AC-AAAE-16223029A186}"
EndProject
Project("{FAE04EC0-301F-11D3-BF4B-00C04F79EFBC}") = "BMI", "BMI\BMI\BMI.csproj", "{9B2700B6-80B2-4291-AD5E-0F4F19DA3A0F}"
EndProject
Global
	GlobalSection(SolutionConfigurationPlatforms) = preSolution
		Ad-Hoc|Any CPU = Ad-Hoc|Any CPU
		Ad-Hoc|iPhone = Ad-Hoc|iPhone
		Ad-Hoc|iPhoneSimulator = Ad-Hoc|iPhoneSimulator
		AppStore|Any CPU = AppStore|Any CPU
		AppStore|iPhone = AppStore|iPhone
		AppStore|iPhoneSimulator = AppStore|iPhoneSimulator
		Debug|Any CPU = Debug|Any CPU
		Debug|iPhone = Debug|iPhone
		Debug|iPhoneSimulator = Debug|iPhoneSimulator
		Release|Any CPU = Release|Any CPU
		Release|iPhone = Release|iPhone
		Release|iPhoneSimulator = Release|iPhoneSimulator
	EndGlobalSection
	GlobalSection(ProjectConfigurationPlatforms) = postSolution
		{49C99239-82AC-41EC-8F30-51DCF783E86D}.Ad-Hoc|Any CPU.ActiveCfg = Release|Any CPU
		{49C99239-82AC-41EC-8F30-51DCF783E86D}.Ad-Hoc|Any CPU.Build.0 = Release|Any CPU
		{49C99239-82AC-41EC-8F30-51DCF783E86D}.Ad-Hoc|Any CPU.Deploy.0 = Release|Any CPU
		{49C99239-82AC-41EC-8F30-51DCF783E86D}.Ad-Hoc|iPhone.ActiveCfg = Release|Any CPU
		{49C99239-82AC-41EC-8F30-51DCF783E86D}.Ad-Hoc|iPhone.Build.0 = Release|Any CPU
		{49C99239-82AC-41EC-8F30-51DCF783E86D}.Ad-Hoc|iPhone.Deploy.0 = Release|Any CPU
		{49C99239-82AC-41EC-8F30-51DCF783E86D}.Ad-Hoc|iPhoneSimulator.ActiveCfg = Release|Any CPU
		{49C99239-82AC-41EC-8F30-51DCF783E86D}.Ad-Hoc|iPhoneSimulator.Build.0 = Release|Any CPU
		{49C99239-82AC-41EC-8F30-51DCF783E86D}.Ad-Hoc|iPhoneSimulator.Deploy.0 = Release|Any CPU
		{49C99239-82AC-41EC-8F30-51DCF783E86D}.AppStore|Any CPU.ActiveCfg = Release|Any CPU
		{49C99239-82AC-41EC-8F30-51DCF783E86D}.AppStore|Any CPU.Build.0 = Release|Any CPU
		{49C99239-82AC-41EC-8F30-51DCF783E86D}.AppStore|Any CPU.Deploy.0 = Release|Any CPU
		{49C99239-82AC-41EC-8F30-51DCF783E86D}.AppStore|iPhone.ActiveCfg = Release|Any CPU
		{49C99239-82AC-41EC-8F30-51DCF783E86D}.AppStore|iPhone.Build.0 = Release|Any CPU
		{49C99239-82AC-41EC-8F30-51DCF783E86D}.AppStore|iPhone.Deploy.0 = Release|Any CPU
		{49C99239-82AC-41EC-8F30-51DCF783E86D}.AppStore|iPhoneSimulator.ActiveCfg = Release|Any CPU
		{49C99239-82AC-41EC-8F30-51DCF783E86D}.AppStore|iPhoneSimulator.Build.0 = Release|Any CPU
		{49C99239-82AC-41EC-8F30-51DCF783E86D}.AppStore|iPhoneSimulator.Deploy.0 = Release|Any CPU
		{49C99239-82AC-41EC-8F30-51DCF783E86D}.Debug|Any CPU.ActiveCfg = Debug|Any CPU
		{49C99239-82AC-41EC-8F30-51DCF783E86D}.Debug|Any CPU.Build.0 = Debug|Any CPU
		{49C99239-82AC-41EC-8F30-51DCF783E86D}.Debug|Any CPU.Deploy.0 = Debug|Any CPU
		{49C99239-82AC-41EC-8F30-51DCF783E86D}.Debug|iPhone.ActiveCfg = Debug|Any CPU
		{49C99239-82AC-41EC-8F30-51DCF783E86D}.Debug|iPhone.Build.0 = Debug|Any CPU
		{49C99239-82AC-41EC-8F30-51DCF783E86D}.Debug|iPhone.Deploy.0 = Debug|Any CPU
		{49C99239-82AC-41EC-8F30-51DCF783E86D}.Debug|iPhoneSimulator.ActiveCfg = Debug|Any CPU
		{49C99239-82AC-41EC-8F30-51DCF783E86D}.Debug|iPhoneSimulator.Build.0 = Debug|Any CPU
		{49C99239-82AC-41EC-8F30-51DCF783E86D}.Debug|iPhoneSimulator.Deploy.0 = Debug|Any CPU
		{49C99239-82AC-41EC-8F30-51DCF783E86D}.Release|Any CPU.ActiveCfg = Release|Any CPU
		{49C99239-82AC-41EC-8F30-51DCF783E86D}.Release|Any CPU.Build.0 = Release|Any CPU
		{49C99239-82AC-41EC-8F30-51DCF783E86D}.Release|Any CPU.Deploy.0 = Release|Any CPU
		{49C99239-82AC-41EC-8F30-51DCF783E86D}.Release|iPhone.ActiveCfg = Release|Any CPU
		{49C99239-82AC-41EC-8F30-51DCF783E86D}.Release|iPhone.Build.0 = Release|Any CPU
		{49C99239-82AC-41EC-8F30-51DCF783E86D}.Release|iPhone.Deploy.0 = Release|Any CPU
		{49C99239-82AC-41EC-8F30-51DCF783E86D}.Release|iPhoneSimulator.ActiveCfg = Release|Any CPU
		{49C99239-82AC-41EC-8F30-51DCF783E86D}.Release|iPhoneSimulator.Build.0 = Release|Any CPU
		{49C99239-82AC-41EC-8F30-51DCF783E86D}.Release|iPhoneSimulator.Deploy.0 = Release|Any CPU
		{A47D7B6C-8607-47AC-AAAE-16223029A186}.Ad-Hoc|Any CPU.ActiveCfg = Ad-Hoc|iPhone
		{A47D7B6C-8607-47AC-AAAE-16223029A186}.Ad-Hoc|Any CPU.Build.0 = Ad-Hoc|iPhone
		{A47D7B6C-8607-47AC-AAAE-16223029A186}.Ad-Hoc|Any CPU.Deploy.0 = Ad-Hoc|iPhone
		{A47D7B6C-8607-47AC-AAAE-16223029A186}.Ad-Hoc|iPhone.ActiveCfg = Ad-Hoc|iPhone
		{A47D7B6C-8607-47AC-AAAE-16223029A186}.Ad-Hoc|iPhone.Build.0 = Ad-Hoc|iPhone
		{A47D7B6C-8607-47AC-AAAE-16223029A186}.Ad-Hoc|iPhone.Deploy.0 = Ad-Hoc|iPhone
		{A47D7B6C-8607-47AC-AAAE-16223029A186}.Ad-Hoc|iPhoneSimulator.ActiveCfg = Ad-Hoc|iPhoneSimulator
		{A47D7B6C-8607-47AC-AAAE-16223029A186}.Ad-Hoc|iPhoneSimulator.Build.0 = Ad-Hoc|iPhoneSimulator
		{A47D7B6C-8607-47AC-AAAE-16223029A186}.Ad-Hoc|iPhoneSimulator.Deploy.0 = Ad-Hoc|iPhoneSimulator
		{A47D7B6C-8607-47AC-AAAE-16223029A186}.AppStore|Any CPU.ActiveCfg = AppStore|iPhone
		{A47D7B6C-8607-47AC-AAAE-16223029A186}.AppStore|Any CPU.Build.0 = AppStore|iPhone
		{A47D7B6C-8607-47AC-AAAE-16223029A186}.AppStore|Any CPU.Deploy.0 = AppStore|iPhone
		{A47D7B6C-8607-47AC-AAAE-16223029A186}.AppStore|iPhone.ActiveCfg = AppStore|iPhone
		{A47D7B6C-8607-47AC-AAAE-16223029A186}.AppStore|iPhone.Build.0 = AppStore|iPhone
		{A47D7B6C-8607-47AC-AAAE-16223029A186}.AppStore|iPhone.Deploy.0 = AppStore|iPhone
		{A47D7B6C-8607-47AC-AAAE-16223029A186}.AppStore|iPhoneSimulator.ActiveCfg = AppStore|iPhoneSimulator
		{A47D7B6C-8607-47AC-AAAE-16223029A186}.AppStore|iPhoneSimulator.Build.0 = AppStore|iPhoneSimulator
		{A47D7B6C-8607-47AC-AAAE-16223029A186}.AppStore|iPhoneSimulator.Deploy.0 = AppStore|iPhoneSimulator
		{A47D7B6C-8607-47AC-AAAE-16223029A186}.Debug|Any CPU.ActiveCfg = Debug|iPhoneSimulator
		{A47D7B6C-8607-47AC-AAAE-16223029A186}.Debug|Any CPU.Build.0 = Debug|iPhoneSimulator
		{A47D7B6C-8607-47AC-AAAE-16223029A186}.Debug|Any CPU.Deploy.0 = Debug|iPhoneSimulator
		{A47D7B6C-8607-47AC-AAAE-16223029A186}.Debug|iPhone.ActiveCfg = Debug|iPhone
		{A47D7B6C-8607-47AC-AAAE-16223029A186}.Debug|iPhone.Build.0 = Debug|iPhone
		{A47D7B6C-8607-47AC-AAAE-16223029A186}.Debug|iPhone.Deploy.0 = Debug|iPhone
		{A47D7B6C-8607-47AC-AAAE-16223029A186}.Debug|iPhoneSimulator.ActiveCfg = Debug|iPhoneSimulator
		{A47D7B6C-8607-47AC-AAAE-16223029A186}.Debug|iPhoneSimulator.Build.0 = Debug|iPhoneSimulator
		{A47D7B6C-8607-47AC-AAAE-16223029A186}.Debug|iPhoneSimulator.Deploy.0 = Debug|iPhoneSimulator
		{A47D7B6C-8607-47AC-AAAE-16223029A186}.Release|Any CPU.ActiveCfg = Release|iPhone
		{A47D7B6C-8607-47AC-AAAE-16223029A186}.Release|Any CPU.Build.0 = Release|iPhone
		{A47D7B6C-8607-47AC-AAAE-16223029A186}.Release|Any CPU.Deploy.0 = Release|iPhone
		{A47D7B6C-8607-47AC-AAAE-16223029A186}.Release|iPhone.ActiveCfg = Release|iPhone
		{A47D7B6C-8607-47AC-AAAE-16223029A186}.Release|iPhone.Build.0 = Release|iPhone
		{A47D7B6C-8607-47AC-AAAE-16223029A186}.Release|iPhone.Deploy.0 = Release|iPhone
		{A47D7B6C-8607-47AC-AAAE-16223029A186}.Release|iPhoneSimulator.ActiveCfg = Release|iPhoneSimulator
		{A47D7B6C-8607-47AC-AAAE-16223029A186}.Release|iPhoneSimulator.Build.0 = Release|iPhoneSimulator
		{A47D7B6C-8607-47AC-AAAE-16223029A186}.Release|iPhoneSimulator.Deploy.0 = Release|iPhoneSimulator
		{9B2700B6-80B2-4291-AD5E-0F4F19DA3A0F}.Ad-Hoc|Any CPU.ActiveCfg = Debug|Any CPU
		{9B2700B6-80B2-4291-AD5E-0F4F19DA3A0F}.Ad-Hoc|Any CPU.Build.0 = Debug|Any CPU
		{9B2700B6-80B2-4291-AD5E-0F4F19DA3A0F}.Ad-Hoc|Any CPU.Deploy.0 = Debug|Any CPU
		{9B2700B6-80B2-4291-AD5E-0F4F19DA3A0F}.Ad-Hoc|iPhone.ActiveCfg = Debug|Any CPU
		{9B2700B6-80B2-4291-AD5E-0F4F19DA3A0F}.Ad-Hoc|iPhone.Build.0 = Debug|Any CPU
		{9B2700B6-80B2-4291-AD5E-0F4F19DA3A0F}.Ad-Hoc|iPhone.Deploy.0 = Debug|Any CPU
		{9B2700B6-80B2-4291-AD5E-0F4F19DA3A0F}.Ad-Hoc|iPhoneSimulator.ActiveCfg = Debug|Any CPU
		{9B2700B6-80B2-4291-AD5E-0F4F19DA3A0F}.Ad-Hoc|iPhoneSimulator.Build.0 = Debug|Any CPU
		{9B2700B6-80B2-4291-AD5E-0F4F19DA3A0F}.Ad-Hoc|iPhoneSimulator.Deploy.0 = Debug|Any CPU
		{9B2700B6-80B2-4291-AD5E-0F4F19DA3A0F}.AppStore|Any CPU.ActiveCfg = Debug|Any CPU
		{9B2700B6-80B2-4291-AD5E-0F4F19DA3A0F}.AppStore|Any CPU.Build.0 = Debug|Any CPU
		{9B2700B6-80B2-4291-AD5E-0F4F19DA3A0F}.AppStore|Any CPU.Deploy.0 = Debug|Any CPU
		{9B2700B6-80B2-4291-AD5E-0F4F19DA3A0F}.AppStore|iPhone.ActiveCfg = Debug|Any CPU
		{9B2700B6-80B2-4291-AD5E-0F4F19DA3A0F}.AppStore|iPhone.Build.0 = Debug|Any CPU
		{9B2700B6-80B2-4291-AD5E-0F4F19DA3A0F}.AppStore|iPhone.Deploy.0 = Debug|Any CPU
		{9B2700B6-80B2-4291-AD5E-0F4F19DA3A0F}.AppStore|iPhoneSimulator.ActiveCfg = Debug|Any CPU
		{9B2700B6-80B2-4291-AD5E-0F4F19DA3A0F}.AppStore|iPhoneSimulator.Build.0 = Debug|Any CPU
		{9B2700B6-80B2-4291-AD5E-0F4F19DA3A0F}.AppStore|iPhoneSimulator.Deploy.0 = Debug|Any CPU
		{9B2700B6-80B2-4291-AD5E-0F4F19DA3A0F}.Debug|Any CPU.ActiveCfg = Debug|Any CPU
		{9B2700B6-80B2-4291-AD5E-0F4F19DA3A0F}.Debug|Any CPU.Build.0 = Debug|Any CPU
		{9B2700B6-80B2-4291-AD5E-0F4F19DA3A0F}.Debug|Any CPU.Deploy.0 = Debug|Any CPU
		{9B2700B6-80B2-4291-AD5E-0F4F19DA3A0F}.Debug|iPhone.ActiveCfg = Debug|Any CPU
		{9B2700B6-80B2-4291-AD5E-0F4F19DA3A0F}.Debug|iPhone.Build.0 = Debug|Any CPU
		{9B2700B6-80B2-4291-AD5E-0F4F19DA3A0F}.Debug|iPhone.Deploy.0 = Debug|Any CPU
		{9B2700B6-80B2-4291-AD5E-0F4F19DA3A0F}.Debug|iPhoneSimulator.ActiveCfg = Debug|Any CPU
		{9B2700B6-80B2-4291-AD5E-0F4F19DA3A0F}.Debug|iPhoneSimulator.Build.0 = Debug|Any CPU
		{9B2700B6-80B2-4291-AD5E-0F4F19DA3A0F}.Debug|iPhoneSimulator.Deploy.0 = Debug|Any CPU
		{9B2700B6-80B2-4291-AD5E-0F4F19DA3A0F}.Release|Any CPU.ActiveCfg = Release|Any CPU
		{9B2700B6-80B2-4291-AD5E-0F4F19DA3A0F}.Release|Any CPU.Build.0 = Release|Any CPU
		{9B2700B6-80B2-4291-AD5E-0F4F19DA3A0F}.Release|Any CPU.Deploy.0 = Release|Any CPU
		{9B2700B6-80B2-4291-AD5E-0F4F19DA3A0F}.Release|iPhone.ActiveCfg = Release|Any CPU
		{9B2700B6-80B2-4291-AD5E-0F4F19DA3A0F}.Release|iPhone.Build.0 = Release|Any CPU
		{9B2700B6-80B2-4291-AD5E-0F4F19DA3A0F}.Release|iPhone.Deploy.0 = Release|Any CPU
		{9B2700B6-80B2-4291-AD5E-0F4F19DA3A0F}.Release|iPhoneSimulator.ActiveCfg = Release|Any CPU
		{9B2700B6-80B2-4291-AD5E-0F4F19DA3A0F}.Release|iPhoneSimulator.Build.0 = Release|Any CPU
		{9B2700B6-80B2-4291-AD5E-0F4F19DA3A0F}.Release|iPhoneSimulator.Deploy.0 = Release|Any CPU
	EndGlobalSection
	GlobalSection(SolutionProperties) = preSolution
		HideSolutionNode = FALSE
	EndGlobalSection
	GlobalSection(ExtensibilityGlobals) = postSolution
		SolutionGuid = {69D92994-AF6A-4B48-92B5-57FA097AC577}
	EndGlobalSection
EndGlobal
